// !$*UTF8*$!
{
	archiveVersion = 1;
	classes = {
	};
	objectVersion = 50;
	objects = {

/* Begin PBXBuildFile section */
		053A2B0A27D0BA1A00E84942 /* EmojiArtApp.swift in Sources */ = {isa = PBXBuildFile; fileRef = 053A2AF627D0BA1400E84942 /* EmojiArtApp.swift */; };
		053A2B0B27D0BA1A00E84942 /* EmojiArtApp.swift in Sources */ = {isa = PBXBuildFile; fileRef = 053A2AF627D0BA1400E84942 /* EmojiArtApp.swift */; };
		053A2B0C27D0BA1A00E84942 /* EmojiArtDocument.swift in Sources */ = {isa = PBXBuildFile; fileRef = 053A2AF727D0BA1400E84942 /* EmojiArtDocument.swift */; };
		053A2B0D27D0BA1A00E84942 /* EmojiArtDocument.swift in Sources */ = {isa = PBXBuildFile; fileRef = 053A2AF727D0BA1400E84942 /* EmojiArtDocument.swift */; };
		053A2B1027D0BA1A00E84942 /* Assets.xcassets in Resources */ = {isa = PBXBuildFile; fileRef = 053A2AF927D0BA1A00E84942 /* Assets.xcassets */; };
		053A2B1127D0BA1A00E84942 /* Assets.xcassets in Resources */ = {isa = PBXBuildFile; fileRef = 053A2AF927D0BA1A00E84942 /* Assets.xcassets */; };
		053A2B4627D0BB8300E84942 /* EmojiArtDocumentView.swift in Sources */ = {isa = PBXBuildFile; fileRef = 053A2B3B27D0BB7F00E84942 /* EmojiArtDocumentView.swift */; };
		053A2B4727D0BB8300E84942 /* EmojiArtDocumentView.swift in Sources */ = {isa = PBXBuildFile; fileRef = 053A2B3B27D0BB7F00E84942 /* EmojiArtDocumentView.swift */; };
		053A2B4827D0BB8300E84942 /* PaletteEditor.swift in Sources */ = {isa = PBXBuildFile; fileRef = 053A2B3C27D0BB8000E84942 /* PaletteEditor.swift */; };
		053A2B4927D0BB8300E84942 /* PaletteEditor.swift in Sources */ = {isa = PBXBuildFile; fileRef = 053A2B3C27D0BB8000E84942 /* PaletteEditor.swift */; };
		053A2B4A27D0BB8300E84942 /* PhotoLibrary.swift in Sources */ = {isa = PBXBuildFile; fileRef = 053A2B3D27D0BB8000E84942 /* PhotoLibrary.swift */; };
		053A2B4C27D0BB8300E84942 /* Camera.swift in Sources */ = {isa = PBXBuildFile; fileRef = 053A2B3E27D0BB8100E84942 /* Camera.swift */; };
		053A2B4E27D0BB8300E84942 /* EmojiArtModel.swift in Sources */ = {isa = PBXBuildFile; fileRef = 053A2B3F27D0BB8100E84942 /* EmojiArtModel.swift */; };
		053A2B4F27D0BB8300E84942 /* EmojiArtModel.swift in Sources */ = {isa = PBXBuildFile; fileRef = 053A2B3F27D0BB8100E84942 /* EmojiArtModel.swift */; };
		053A2B5027D0BB8300E84942 /* EmojiArtModel.Background.swift in Sources */ = {isa = PBXBuildFile; fileRef = 053A2B4027D0BB8100E84942 /* EmojiArtModel.Background.swift */; };
		053A2B5127D0BB8300E84942 /* EmojiArtModel.Background.swift in Sources */ = {isa = PBXBuildFile; fileRef = 053A2B4027D0BB8100E84942 /* EmojiArtModel.Background.swift */; };
		053A2B5227D0BB8300E84942 /* UtilityExtensions.swift in Sources */ = {isa = PBXBuildFile; fileRef = 053A2B4127D0BB8100E84942 /* UtilityExtensions.swift */; };
		053A2B5327D0BB8300E84942 /* UtilityExtensions.swift in Sources */ = {isa = PBXBuildFile; fileRef = 053A2B4127D0BB8100E84942 /* UtilityExtensions.swift */; };
		053A2B5427D0BB8300E84942 /* PaletteManager.swift in Sources */ = {isa = PBXBuildFile; fileRef = 053A2B4227D0BB8100E84942 /* PaletteManager.swift */; };
		053A2B5627D0BB8300E84942 /* PaletteStore.swift in Sources */ = {isa = PBXBuildFile; fileRef = 053A2B4327D0BB8200E84942 /* PaletteStore.swift */; };
		053A2B5727D0BB8300E84942 /* PaletteStore.swift in Sources */ = {isa = PBXBuildFile; fileRef = 053A2B4327D0BB8200E84942 /* PaletteStore.swift */; };
		053A2B5827D0BB8300E84942 /* UtilityViews.swift in Sources */ = {isa = PBXBuildFile; fileRef = 053A2B4427D0BB8200E84942 /* UtilityViews.swift */; };
		053A2B5927D0BB8300E84942 /* UtilityViews.swift in Sources */ = {isa = PBXBuildFile; fileRef = 053A2B4427D0BB8200E84942 /* UtilityViews.swift */; };
		053A2B5A27D0BB8300E84942 /* PaletteChooser.swift in Sources */ = {isa = PBXBuildFile; fileRef = 053A2B4527D0BB8200E84942 /* PaletteChooser.swift */; };
		053A2B5B27D0BB8300E84942 /* PaletteChooser.swift in Sources */ = {isa = PBXBuildFile; fileRef = 053A2B4527D0BB8200E84942 /* PaletteChooser.swift */; };
		053A2B5E27D0BDAB00E84942 /* macOS.swift in Sources */ = {isa = PBXBuildFile; fileRef = 053A2B5C27D0BDAB00E84942 /* macOS.swift */; };
		053A2B6027D0C26E00E84942 /* iOS.swift in Sources */ = {isa = PBXBuildFile; fileRef = 053A2B5F27D0C26E00E84942 /* iOS.swift */; };
/* End PBXBuildFile section */

/* Begin PBXFileReference section */
		053A2AF627D0BA1400E84942 /* EmojiArtApp.swift */ = {isa = PBXFileReference; lastKnownFileType = sourcecode.swift; path = EmojiArtApp.swift; sourceTree = "<group>"; };
		053A2AF727D0BA1400E84942 /* EmojiArtDocument.swift */ = {isa = PBXFileReference; lastKnownFileType = sourcecode.swift; path = EmojiArtDocument.swift; sourceTree = "<group>"; };
		053A2AF927D0BA1A00E84942 /* Assets.xcassets */ = {isa = PBXFileReference; lastKnownFileType = folder.assetcatalog; path = Assets.xcassets; sourceTree = "<group>"; };
		053A2AFE27D0BA1A00E84942 /* EmojiArt.app */ = {isa = PBXFileReference; explicitFileType = wrapper.application; includeInIndex = 0; path = EmojiArt.app; sourceTree = BUILT_PRODUCTS_DIR; };
		053A2B0127D0BA1A00E84942 /* Info.plist */ = {isa = PBXFileReference; lastKnownFileType = text.plist.xml; path = Info.plist; sourceTree = "<group>"; };
		053A2B0627D0BA1A00E84942 /* EmojiArt.app */ = {isa = PBXFileReference; explicitFileType = wrapper.application; includeInIndex = 0; path = EmojiArt.app; sourceTree = BUILT_PRODUCTS_DIR; };
		053A2B0827D0BA1A00E84942 /* Info.plist */ = {isa = PBXFileReference; lastKnownFileType = text.plist.xml; path = Info.plist; sourceTree = "<group>"; };
		053A2B0927D0BA1A00E84942 /* macOS.entitlements */ = {isa = PBXFileReference; lastKnownFileType = text.plist.entitlements; path = macOS.entitlements; sourceTree = "<group>"; };
		053A2B3B27D0BB7F00E84942 /* EmojiArtDocumentView.swift */ = {isa = PBXFileReference; fileEncoding = 4; lastKnownFileType = sourcecode.swift; path = EmojiArtDocumentView.swift; sourceTree = "<group>"; };
		053A2B3C27D0BB8000E84942 /* PaletteEditor.swift */ = {isa = PBXFileReference; fileEncoding = 4; lastKnownFileType = sourcecode.swift; path = PaletteEditor.swift; sourceTree = "<group>"; };
		053A2B3D27D0BB8000E84942 /* PhotoLibrary.swift */ = {isa = PBXFileReference; fileEncoding = 4; lastKnownFileType = sourcecode.swift; path = PhotoLibrary.swift; sourceTree = "<group>"; };
		053A2B3E27D0BB8100E84942 /* Camera.swift */ = {isa = PBXFileReference; fileEncoding = 4; lastKnownFileType = sourcecode.swift; path = Camera.swift; sourceTree = "<group>"; };
		053A2B3F27D0BB8100E84942 /* EmojiArtModel.swift */ = {isa = PBXFileReference; fileEncoding = 4; lastKnownFileType = sourcecode.swift; path = EmojiArtModel.swift; sourceTree = "<group>"; };
		053A2B4027D0BB8100E84942 /* EmojiArtModel.Background.swift */ = {isa = PBXFileReference; fileEncoding = 4; lastKnownFileType = sourcecode.swift; path = EmojiArtModel.Background.swift; sourceTree = "<group>"; };
		053A2B4127D0BB8100E84942 /* UtilityExtensions.swift */ = {isa = PBXFileReference; fileEncoding = 4; lastKnownFileType = sourcecode.swift; path = UtilityExtensions.swift; sourceTree = "<group>"; };
		053A2B4227D0BB8100E84942 /* PaletteManager.swift */ = {isa = PBXFileReference; fileEncoding = 4; lastKnownFileType = sourcecode.swift; path = PaletteManager.swift; sourceTree = "<group>"; };
		053A2B4327D0BB8200E84942 /* PaletteStore.swift */ = {isa = PBXFileReference; fileEncoding = 4; lastKnownFileType = sourcecode.swift; path = PaletteStore.swift; sourceTree = "<group>"; };
		053A2B4427D0BB8200E84942 /* UtilityViews.swift */ = {isa = PBXFileReference; fileEncoding = 4; lastKnownFileType = sourcecode.swift; path = UtilityViews.swift; sourceTree = "<group>"; };
		053A2B4527D0BB8200E84942 /* PaletteChooser.swift */ = {isa = PBXFileReference; fileEncoding = 4; lastKnownFileType = sourcecode.swift; path = PaletteChooser.swift; sourceTree = "<group>"; };
		053A2B5C27D0BDAB00E84942 /* macOS.swift */ = {isa = PBXFileReference; lastKnownFileType = sourcecode.swift; path = macOS.swift; sourceTree = "<group>"; };
		053A2B5F27D0C26E00E84942 /* iOS.swift */ = {isa = PBXFileReference; lastKnownFileType = sourcecode.swift; path = iOS.swift; sourceTree = "<group>"; };
/* End PBXFileReference section */

/* Begin PBXFrameworksBuildPhase section */
		053A2AFB27D0BA1A00E84942 /* Frameworks */ = {
			isa = PBXFrameworksBuildPhase;
			buildActionMask = 2147483647;
			files = (
			);
			runOnlyForDeploymentPostprocessing = 0;
		};
		053A2B0327D0BA1A00E84942 /* Frameworks */ = {
			isa = PBXFrameworksBuildPhase;
			buildActionMask = 2147483647;
			files = (
			);
			runOnlyForDeploymentPostprocessing = 0;
		};
/* End PBXFrameworksBuildPhase section */

/* Begin PBXGroup section */
		053A2AF027D0BA1300E84942 = {
			isa = PBXGroup;
			children = (
				053A2AF527D0BA1400E84942 /* Shared */,
				053A2B0027D0BA1A00E84942 /* iOS */,
				053A2B0727D0BA1A00E84942 /* macOS */,
				053A2AFF27D0BA1A00E84942 /* Products */,
			);
			sourceTree = "<group>";
		};
		053A2AF527D0BA1400E84942 /* Shared */ = {
			isa = PBXGroup;
			children = (
				053A2B3B27D0BB7F00E84942 /* EmojiArtDocumentView.swift */,
				053A2B4527D0BB8200E84942 /* PaletteChooser.swift */,
				053A2B3C27D0BB8000E84942 /* PaletteEditor.swift */,
				053A2B4327D0BB8200E84942 /* PaletteStore.swift */,
				053A2AF627D0BA1400E84942 /* EmojiArtApp.swift */,
				053A2AF727D0BA1400E84942 /* EmojiArtDocument.swift */,
				053A2B4027D0BB8100E84942 /* EmojiArtModel.Background.swift */,
				053A2B3F27D0BB8100E84942 /* EmojiArtModel.swift */,
				053A2B4127D0BB8100E84942 /* UtilityExtensions.swift */,
				053A2B4427D0BB8200E84942 /* UtilityViews.swift */,
				053A2AF927D0BA1A00E84942 /* Assets.xcassets */,
			);
			path = Shared;
			sourceTree = "<group>";
		};
		053A2AFF27D0BA1A00E84942 /* Products */ = {
			isa = PBXGroup;
			children = (
				053A2AFE27D0BA1A00E84942 /* EmojiArt.app */,
				053A2B0627D0BA1A00E84942 /* EmojiArt.app */,
			);
			name = Products;
			sourceTree = "<group>";
		};
		053A2B0027D0BA1A00E84942 /* iOS */ = {
			isa = PBXGroup;
			children = (
				053A2B0127D0BA1A00E84942 /* Info.plist */,
				053A2B3E27D0BB8100E84942 /* Camera.swift */,
				053A2B3D27D0BB8000E84942 /* PhotoLibrary.swift */,
				053A2B4227D0BB8100E84942 /* PaletteManager.swift */,
				053A2B5F27D0C26E00E84942 /* iOS.swift */,
			);
			path = iOS;
			sourceTree = "<group>";
		};
		053A2B0727D0BA1A00E84942 /* macOS */ = {
			isa = PBXGroup;
			children = (
				053A2B0827D0BA1A00E84942 /* Info.plist */,
				053A2B0927D0BA1A00E84942 /* macOS.entitlements */,
				053A2B5C27D0BDAB00E84942 /* macOS.swift */,
			);
			path = macOS;
			sourceTree = "<group>";
		};
/* End PBXGroup section */

/* Begin PBXNativeTarget section */
		053A2AFD27D0BA1A00E84942 /* EmojiArt (iOS) */ = {
			isa = PBXNativeTarget;
			buildConfigurationList = 053A2B1427D0BA1A00E84942 /* Build configuration list for PBXNativeTarget "EmojiArt (iOS)" */;
			buildPhases = (
				053A2AFA27D0BA1A00E84942 /* Sources */,
				053A2AFB27D0BA1A00E84942 /* Frameworks */,
				053A2AFC27D0BA1A00E84942 /* Resources */,
			);
			buildRules = (
			);
			dependencies = (
			);
			name = "EmojiArt (iOS)";
			productName = "EmojiArt (iOS)";
			productReference = 053A2AFE27D0BA1A00E84942 /* EmojiArt.app */;
			productType = "com.apple.product-type.application";
		};
		053A2B0527D0BA1A00E84942 /* EmojiArt (macOS) */ = {
			isa = PBXNativeTarget;
			buildConfigurationList = 053A2B1727D0BA1A00E84942 /* Build configuration list for PBXNativeTarget "EmojiArt (macOS)" */;
			buildPhases = (
				053A2B0227D0BA1A00E84942 /* Sources */,
				053A2B0327D0BA1A00E84942 /* Frameworks */,
				053A2B0427D0BA1A00E84942 /* Resources */,
			);
			buildRules = (
			);
			dependencies = (
			);
			name = "EmojiArt (macOS)";
			productName = "EmojiArt (macOS)";
			productReference = 053A2B0627D0BA1A00E84942 /* EmojiArt.app */;
			productType = "com.apple.product-type.application";
		};
/* End PBXNativeTarget section */

/* Begin PBXProject section */
		053A2AF127D0BA1300E84942 /* Project object */ = {
			isa = PBXProject;
			attributes = {
				LastSwiftUpdateCheck = 1250;
				LastUpgradeCheck = 1250;
				TargetAttributes = {
					053A2AFD27D0BA1A00E84942 = {
						CreatedOnToolsVersion = 12.5;
					};
					053A2B0527D0BA1A00E84942 = {
						CreatedOnToolsVersion = 12.5;
					};
				};
			};
			buildConfigurationList = 053A2AF427D0BA1300E84942 /* Build configuration list for PBXProject "EmojiArt" */;
			compatibilityVersion = "Xcode 9.3";
			developmentRegion = en;
			hasScannedForEncodings = 0;
			knownRegions = (
				en,
				Base,
			);
			mainGroup = 053A2AF027D0BA1300E84942;
			productRefGroup = 053A2AFF27D0BA1A00E84942 /* Products */;
			projectDirPath = "";
			projectRoot = "";
			targets = (
				053A2AFD27D0BA1A00E84942 /* EmojiArt (iOS) */,
				053A2B0527D0BA1A00E84942 /* EmojiArt (macOS) */,
			);
		};
/* End PBXProject section */

/* Begin PBXResourcesBuildPhase section */
		053A2AFC27D0BA1A00E84942 /* Resources */ = {
			isa = PBXResourcesBuildPhase;
			buildActionMask = 2147483647;
			files = (
				053A2B1027D0BA1A00E84942 /* Assets.xcassets in Resources */,
			);
			runOnlyForDeploymentPostprocessing = 0;
		};
		053A2B0427D0BA1A00E84942 /* Resources */ = {
			isa = PBXResourcesBuildPhase;
			buildActionMask = 2147483647;
			files = (
				053A2B1127D0BA1A00E84942 /* Assets.xcassets in Resources */,
			);
			runOnlyForDeploymentPostprocessing = 0;
		};
/* End PBXResourcesBuildPhase section */

/* Begin PBXSourcesBuildPhase section */
		053A2AFA27D0BA1A00E84942 /* Sources */ = {
			isa = PBXSourcesBuildPhase;
			buildActionMask = 2147483647;
			files = (
				053A2B4827D0BB8300E84942 /* PaletteEditor.swift in Sources */,
				053A2B0A27D0BA1A00E84942 /* EmojiArtApp.swift in Sources */,
				053A2B5227D0BB8300E84942 /* UtilityExtensions.swift in Sources */,
				053A2B5427D0BB8300E84942 /* PaletteManager.swift in Sources */,
				053A2B4C27D0BB8300E84942 /* Camera.swift in Sources */,
				053A2B5027D0BB8300E84942 /* EmojiArtModel.Background.swift in Sources */,
				053A2B4E27D0BB8300E84942 /* EmojiArtModel.swift in Sources */,
				053A2B6027D0C26E00E84942 /* iOS.swift in Sources */,
				053A2B4A27D0BB8300E84942 /* PhotoLibrary.swift in Sources */,
				053A2B5627D0BB8300E84942 /* PaletteStore.swift in Sources */,
				053A2B0C27D0BA1A00E84942 /* EmojiArtDocument.swift in Sources */,
				053A2B4627D0BB8300E84942 /* EmojiArtDocumentView.swift in Sources */,
				053A2B5827D0BB8300E84942 /* UtilityViews.swift in Sources */,
				053A2B5A27D0BB8300E84942 /* PaletteChooser.swift in Sources */,
			);
			runOnlyForDeploymentPostprocessing = 0;
		};
		053A2B0227D0BA1A00E84942 /* Sources */ = {
			isa = PBXSourcesBuildPhase;
			buildActionMask = 2147483647;
			files = (
				053A2B4927D0BB8300E84942 /* PaletteEditor.swift in Sources */,
				053A2B0B27D0BA1A00E84942 /* EmojiArtApp.swift in Sources */,
				053A2B5327D0BB8300E84942 /* UtilityExtensions.swift in Sources */,
				053A2B5127D0BB8300E84942 /* EmojiArtModel.Background.swift in Sources */,
				053A2B4F27D0BB8300E84942 /* EmojiArtModel.swift in Sources */,
				053A2B5727D0BB8300E84942 /* PaletteStore.swift in Sources */,
				053A2B5E27D0BDAB00E84942 /* macOS.swift in Sources */,
				053A2B0D27D0BA1A00E84942 /* EmojiArtDocument.swift in Sources */,
				053A2B4727D0BB8300E84942 /* EmojiArtDocumentView.swift in Sources */,
				053A2B5927D0BB8300E84942 /* UtilityViews.swift in Sources */,
				053A2B5B27D0BB8300E84942 /* PaletteChooser.swift in Sources */,
			);
			runOnlyForDeploymentPostprocessing = 0;
		};
/* End PBXSourcesBuildPhase section */

/* Begin XCBuildConfiguration section */
		053A2B1227D0BA1A00E84942 /* Debug */ = {
			isa = XCBuildConfiguration;
			buildSettings = {
				ALWAYS_SEARCH_USER_PATHS = NO;
				CLANG_ANALYZER_NONNULL = YES;
				CLANG_ANALYZER_NUMBER_OBJECT_CONVERSION = YES_AGGRESSIVE;
				CLANG_CXX_LANGUAGE_STANDARD = "gnu++14";
				CLANG_CXX_LIBRARY = "libc++";
				CLANG_ENABLE_MODULES = YES;
				CLANG_ENABLE_OBJC_ARC = YES;
				CLANG_ENABLE_OBJC_WEAK = YES;
				CLANG_WARN_BLOCK_CAPTURE_AUTORELEASING = YES;
				CLANG_WARN_BOOL_CONVERSION = YES;
				CLANG_WARN_COMMA = YES;
				CLANG_WARN_CONSTANT_CONVERSION = YES;
				CLANG_WARN_DEPRECATED_OBJC_IMPLEMENTATIONS = YES;
				CLANG_WARN_DIRECT_OBJC_ISA_USAGE = YES_ERROR;
				CLANG_WARN_DOCUMENTATION_COMMENTS = YES;
				CLANG_WARN_EMPTY_BODY = YES;
				CLANG_WARN_ENUM_CONVERSION = YES;
				CLANG_WARN_INFINITE_RECURSION = YES;
				CLANG_WARN_INT_CONVERSION = YES;
				CLANG_WARN_NON_LITERAL_NULL_CONVERSION = YES;
				CLANG_WARN_OBJC_IMPLICIT_RETAIN_SELF = YES;
				CLANG_WARN_OBJC_LITERAL_CONVERSION = YES;
				CLANG_WARN_OBJC_ROOT_CLASS = YES_ERROR;
				CLANG_WARN_QUOTED_INCLUDE_IN_FRAMEWORK_HEADER = YES;
				CLANG_WARN_RANGE_LOOP_ANALYSIS = YES;
				CLANG_WARN_STRICT_PROTOTYPES = YES;
				CLANG_WARN_SUSPICIOUS_MOVE = YES;
				CLANG_WARN_UNGUARDED_AVAILABILITY = YES_AGGRESSIVE;
				CLANG_WARN_UNREACHABLE_CODE = YES;
				CLANG_WARN__DUPLICATE_METHOD_MATCH = YES;
				COPY_PHASE_STRIP = NO;
				DEBUG_INFORMATION_FORMAT = dwarf;
				ENABLE_STRICT_OBJC_MSGSEND = YES;
				ENABLE_TESTABILITY = YES;
				GCC_C_LANGUAGE_STANDARD = gnu11;
				GCC_DYNAMIC_NO_PIC = NO;
				GCC_NO_COMMON_BLOCKS = YES;
				GCC_OPTIMIZATION_LEVEL = 0;
				GCC_PREPROCESSOR_DEFINITIONS = (
					"DEBUG=1",
					"$(inherited)",
				);
				GCC_WARN_64_TO_32_BIT_CONVERSION = YES;
				GCC_WARN_ABOUT_RETURN_TYPE = YES_ERROR;
				GCC_WARN_UNDECLARED_SELECTOR = YES;
				GCC_WARN_UNINITIALIZED_AUTOS = YES_AGGRESSIVE;
				GCC_WARN_UNUSED_FUNCTION = YES;
				GCC_WARN_UNUSED_VARIABLE = YES;
				MTL_ENABLE_DEBUG_INFO = INCLUDE_SOURCE;
				MTL_FAST_MATH = YES;
				ONLY_ACTIVE_ARCH = YES;
				SWIFT_ACTIVE_COMPILATION_CONDITIONS = DEBUG;
				SWIFT_OPTIMIZATION_LEVEL = "-Onone";
			};
			name = Debug;
		};
		053A2B1327D0BA1A00E84942 /* Release */ = {
			isa = XCBuildConfiguration;
			buildSettings = {
				ALWAYS_SEARCH_USER_PATHS = NO;
				CLANG_ANALYZER_NONNULL = YES;
				CLANG_ANALYZER_NUMBER_OBJECT_CONVERSION = YES_AGGRESSIVE;
				CLANG_CXX_LANGUAGE_STANDARD = "gnu++14";
				CLANG_CXX_LIBRARY = "libc++";
				CLANG_ENABLE_MODULES = YES;
				CLANG_ENABLE_OBJC_ARC = YES;
				CLANG_ENABLE_OBJC_WEAK = YES;
				CLANG_WARN_BLOCK_CAPTURE_AUTORELEASING = YES;
				CLANG_WARN_BOOL_CONVERSION = YES;
				CLANG_WARN_COMMA = YES;
				CLANG_WARN_CONSTANT_CONVERSION = YES;
				CLANG_WARN_DEPRECATED_OBJC_IMPLEMENTATIONS = YES;
				CLANG_WARN_DIRECT_OBJC_ISA_USAGE = YES_ERROR;
				CLANG_WARN_DOCUMENTATION_COMMENTS = YES;
				CLANG_WARN_EMPTY_BODY = YES;
				CLANG_WARN_ENUM_CONVERSION = YES;
				CLANG_WARN_INFINITE_RECURSION = YES;
				CLANG_WARN_INT_CONVERSION = YES;
				CLANG_WARN_NON_LITERAL_NULL_CONVERSION = YES;
				CLANG_WARN_OBJC_IMPLICIT_RETAIN_SELF = YES;
				CLANG_WARN_OBJC_LITERAL_CONVERSION = YES;
				CLANG_WARN_OBJC_ROOT_CLASS = YES_ERROR;
				CLANG_WARN_QUOTED_INCLUDE_IN_FRAMEWORK_HEADER = YES;
				CLANG_WARN_RANGE_LOOP_ANALYSIS = YES;
				CLANG_WARN_STRICT_PROTOTYPES = YES;
				CLANG_WARN_SUSPICIOUS_MOVE = YES;
				CLANG_WARN_UNGUARDED_AVAILABILITY = YES_AGGRESSIVE;
				CLANG_WARN_UNREACHABLE_CODE = YES;
				CLANG_WARN__DUPLICATE_METHOD_MATCH = YES;
				COPY_PHASE_STRIP = NO;
				DEBUG_INFORMATION_FORMAT = "dwarf-with-dsym";
				ENABLE_NS_ASSERTIONS = NO;
				ENABLE_STRICT_OBJC_MSGSEND = YES;
				GCC_C_LANGUAGE_STANDARD = gnu11;
				GCC_NO_COMMON_BLOCKS = YES;
				GCC_WARN_64_TO_32_BIT_CONVERSION = YES;
				GCC_WARN_ABOUT_RETURN_TYPE = YES_ERROR;
				GCC_WARN_UNDECLARED_SELECTOR = YES;
				GCC_WARN_UNINITIALIZED_AUTOS = YES_AGGRESSIVE;
				GCC_WARN_UNUSED_FUNCTION = YES;
				GCC_WARN_UNUSED_VARIABLE = YES;
				MTL_ENABLE_DEBUG_INFO = NO;
				MTL_FAST_MATH = YES;
				SWIFT_COMPILATION_MODE = wholemodule;
				SWIFT_OPTIMIZATION_LEVEL = "-O";
			};
			name = Release;
		};
		053A2B1527D0BA1A00E84942 /* Debug */ = {
			isa = XCBuildConfiguration;
			buildSettings = {
				ASSETCATALOG_COMPILER_APPICON_NAME = AppIcon;
				ASSETCATALOG_COMPILER_GLOBAL_ACCENT_COLOR_NAME = AccentColor;
				CODE_SIGN_STYLE = Automatic;
				ENABLE_PREVIEWS = YES;
				INFOPLIST_FILE = iOS/Info.plist;
				IPHONEOS_DEPLOYMENT_TARGET = 14.0;
				LD_RUNPATH_SEARCH_PATHS = (
					"$(inherited)",
					"@executable_path/Frameworks",
				);
				PRODUCT_BUNDLE_IDENTIFIER = edu.stanford.cs193p.instructor.EmojiArt;
				PRODUCT_NAME = EmojiArt;
				SDKROOT = iphoneos;
				SWIFT_VERSION = 5.0;
				TARGETED_DEVICE_FAMILY = "1,2";
			};
			name = Debug;
		};
		053A2B1627D0BA1A00E84942 /* Release */ = {
			isa = XCBuildConfiguration;
			buildSettings = {
				ASSETCATALOG_COMPILER_APPICON_NAME = AppIcon;
				ASSETCATALOG_COMPILER_GLOBAL_ACCENT_COLOR_NAME = AccentColor;
				CODE_SIGN_STYLE = Automatic;
				ENABLE_PREVIEWS = YES;
				INFOPLIST_FILE = iOS/Info.plist;
				IPHONEOS_DEPLOYMENT_TARGET = 14.0;
				LD_RUNPATH_SEARCH_PATHS = (
					"$(inherited)",
					"@executable_path/Frameworks",
				);
				PRODUCT_BUNDLE_IDENTIFIER = edu.stanford.cs193p.instructor.EmojiArt;
				PRODUCT_NAME = EmojiArt;
				SDKROOT = iphoneos;
				SWIFT_VERSION = 5.0;
				TARGETED_DEVICE_FAMILY = "1,2";
				VALIDATE_PRODUCT = YES;
			};
			name = Release;
		};
		053A2B1827D0BA1A00E84942 /* Debug */ = {
			isa = XCBuildConfiguration;
			buildSettings = {
				ASSETCATALOG_COMPILER_APPICON_NAME = AppIcon;
				ASSETCATALOG_COMPILER_GLOBAL_ACCENT_COLOR_NAME = AccentColor;
				CODE_SIGN_ENTITLEMENTS = macOS/macOS.entitlements;
				CODE_SIGN_STYLE = Automatic;
				COMBINE_HIDPI_IMAGES = YES;
				ENABLE_PREVIEWS = YES;
				INFOPLIST_FILE = macOS/Info.plist;
				LD_RUNPATH_SEARCH_PATHS = (
					"$(inherited)",
					"@executable_path/../Frameworks",
				);
				MACOSX_DEPLOYMENT_TARGET = 11.0;
				PRODUCT_BUNDLE_IDENTIFIER = edu.stanford.cs193p.instructor.EmojiArt;
				PRODUCT_NAME = EmojiArt;
				SDKROOT = macosx;
				SWIFT_VERSION = 5.0;
			};
			name = Debug;
		};
		053A2B1927D0BA1A00E84942 /* Release */ = {
			isa = XCBuildConfiguration;
			buildSettings = {
				ASSETCATALOG_COMPILER_APPICON_NAME = AppIcon;
				ASSETCATALOG_COMPILER_GLOBAL_ACCENT_COLOR_NAME = AccentColor;
				CODE_SIGN_ENTITLEMENTS = macOS/macOS.entitlements;
				CODE_SIGN_STYLE = Automatic;
				COMBINE_HIDPI_IMAGES = YES;
				ENABLE_PREVIEWS = YES;
				INFOPLIST_FILE = macOS/Info.plist;
				LD_RUNPATH_SEARCH_PATHS = (
					"$(inherited)",
					"@executable_path/../Frameworks",
				);
				MACOSX_DEPLOYMENT_TARGET = 11.0;
				PRODUCT_BUNDLE_IDENTIFIER = edu.stanford.cs193p.instructor.EmojiArt;
				PRODUCT_NAME = EmojiArt;
				SDKROOT = macosx;
				SWIFT_VERSION = 5.0;
			};
			name = Release;
		};
/* End XCBuildConfiguration section */

/* Begin XCConfigurationList section */
		053A2AF427D0BA1300E84942 /* Build configuration list for PBXProject "EmojiArt" */ = {
			isa = XCConfigurationList;
			buildConfigurations = (
				053A2B1227D0BA1A00E84942 /* Debug */,
				053A2B1327D0BA1A00E84942 /* Release */,
			);
			defaultConfigurationIsVisible = 0;
			defaultConfigurationName = Release;
		};
		053A2B1427D0BA1A00E84942 /* Build configuration list for PBXNativeTarget "EmojiArt (iOS)" */ = {
			isa = XCConfigurationList;
			buildConfigurations = (
				053A2B1527D0BA1A00E84942 /* Debug */,
				053A2B1627D0BA1A00E84942 /* Release */,
			);
			defaultConfigurationIsVisible = 0;
			defaultConfigurationName = Release;
		};
		053A2B1727D0BA1A00E84942 /* Build configuration list for PBXNativeTarget "EmojiArt (macOS)" */ = {
			isa = XCConfigurationList;
			buildConfigurations = (
				053A2B1827D0BA1A00E84942 /* Debug */,
				053A2B1927D0BA1A00E84942 /* Release */,
			);
			defaultConfigurationIsVisible = 0;
			defaultConfigurationName = Release;
		};
/* End XCConfigurationList section */
	};
	rootObject = 053A2AF127D0BA1300E84942 /* Project object */;
}
